
Microsoft Visual Studio Solution File, Format Version 12.00
# Visual Studio Version 16
VisualStudioVersion = 16.0.810.6
MinimumVisualStudioVersion = 10.0.40219.1
Project("{FAE04EC0-301F-11D3-BF4B-00C04F79EFBC}") = "TestWebApp", "TestWebApp\TestWebApp.csproj", "{96837F92-848A-4A76-8ED3-16A843056617}"
EndProject
Global
	GlobalSection(SolutionConfigurationPlatforms) = preSolution
		Debug|Any CPU = Debug|Any CPU
		Release|Any CPU = Release|Any CPU
	EndGlobalSection
	GlobalSection(ProjectConfigurationPlatforms) = postSolution
		{96837F92-848A-4A76-8ED3-16A843056617}.Debug|Any CPU.ActiveCfg = Debug|Any CPU
		{96837F92-848A-4A76-8ED3-16A843056617}.Debug|Any CPU.Build.0 = Debug|Any CPU
		{96837F92-848A-4A76-8ED3-16A843056617}.Release|Any CPU.ActiveCfg = Release|Any CPU
		{96837F92-848A-4A76-8ED3-16A843056617}.Release|Any CPU.Build.0 = Release|Any CPU
	EndGlobalSection
	GlobalSection(SolutionProperties) = preSolution
		HideSolutionNode = FALSE
	EndGlobalSection
	GlobalSection(ExtensibilityGlobals) = postSolution
		SolutionGuid = {D041629B-96BB-43EC-BDCC-F6867135A77F}
	EndGlobalSection
EndGlobal
